
Microsoft Visual Studio Solution File, Format Version 11.00
# Visual Studio 2010
# SharpDevelop 4.4
Project("{F184B08F-C81C-45F6-A57F-5ABD9991F28F}") = "ejemplo8_bd", "ejemplo8_bd.vbproj", "{C15D65CE-9AD0-47AA-B239-78BCB2B5042B}"
EndProject
Global
	GlobalSection(SolutionConfigurationPlatforms) = preSolution
		Debug|Any CPU = Debug|Any CPU
		Release|Any CPU = Release|Any CPU
	EndGlobalSection
	GlobalSection(ProjectConfigurationPlatforms) = postSolution
		{C15D65CE-9AD0-47AA-B239-78BCB2B5042B}.Debug|Any CPU.Build.0 = Debug|Any CPU
		{C15D65CE-9AD0-47AA-B239-78BCB2B5042B}.Debug|Any CPU.ActiveCfg = Debug|Any CPU
		{C15D65CE-9AD0-47AA-B239-78BCB2B5042B}.Release|Any CPU.Build.0 = Release|Any CPU
		{C15D65CE-9AD0-47AA-B239-78BCB2B5042B}.Release|Any CPU.ActiveCfg = Release|Any CPU
	EndGlobalSection
EndGlobal
