
Microsoft Visual Studio Solution File, Format Version 11.00
# Visual Studio 2010
# SharpDevelop 4.4
Project("{F184B08F-C81C-45F6-A57F-5ABD9991F28F}") = "ejemplo_6_matrices", "ejemplo_6_matrices\ejemplo_6_matrices.vbproj", "{2A1F05DA-2B61-4A57-9D46-145F3C4A46DE}"
EndProject
Project("{F184B08F-C81C-45F6-A57F-5ABD9991F28F}") = "ejemplo7_arreglos", "ejemplo7_arreglos\ejemplo7_arreglos.vbproj", "{276081EC-5DCD-445B-A1FE-A99A97714D96}"
EndProject
Global
	GlobalSection(SolutionConfigurationPlatforms) = preSolution
		Debug|Any CPU = Debug|Any CPU
		Release|Any CPU = Release|Any CPU
	EndGlobalSection
	GlobalSection(ProjectConfigurationPlatforms) = postSolution
		{2A1F05DA-2B61-4A57-9D46-145F3C4A46DE}.Debug|Any CPU.Build.0 = Debug|Any CPU
		{2A1F05DA-2B61-4A57-9D46-145F3C4A46DE}.Debug|Any CPU.ActiveCfg = Debug|Any CPU
		{2A1F05DA-2B61-4A57-9D46-145F3C4A46DE}.Release|Any CPU.Build.0 = Release|Any CPU
		{2A1F05DA-2B61-4A57-9D46-145F3C4A46DE}.Release|Any CPU.ActiveCfg = Release|Any CPU
		{276081EC-5DCD-445B-A1FE-A99A97714D96}.Debug|Any CPU.Build.0 = Debug|Any CPU
		{276081EC-5DCD-445B-A1FE-A99A97714D96}.Debug|Any CPU.ActiveCfg = Debug|Any CPU
		{276081EC-5DCD-445B-A1FE-A99A97714D96}.Release|Any CPU.Build.0 = Release|Any CPU
		{276081EC-5DCD-445B-A1FE-A99A97714D96}.Release|Any CPU.ActiveCfg = Release|Any CPU
	EndGlobalSection
EndGlobal
