
Microsoft Visual Studio Solution File, Format Version 11.00
# Visual Studio 2010
# SharpDevelop 4.4
Project("{F184B08F-C81C-45F6-A57F-5ABD9991F28F}") = "proyecto 1", "proyecto 1\proyecto 1.vbproj", "{130AC691-152A-4C07-89B7-FD328E8EB97E}"
EndProject
Project("{F184B08F-C81C-45F6-A57F-5ABD9991F28F}") = "Ejemplo2_Triangulo", "Ejemplo2_Triangulo\Ejemplo2_Triangulo.vbproj", "{37CA86B0-F772-493E-9C68-B329A2BC1AB4}"
EndProject
Project("{F184B08F-C81C-45F6-A57F-5ABD9991F28F}") = "Practica1_LeyDeGravitacionUniversal", "Practica1_LeyDeGravitacionUniversal\Practica1_LeyDeGravitacionUniversal.vbproj", "{C9802F26-2298-45F5-9C93-96B491792162}"
EndProject
Project("{F184B08F-C81C-45F6-A57F-5ABD9991F28F}") = "Ejemplo3_condicionIf", "Ejemplo3_condicionIf\Ejemplo3_condicionIf.vbproj", "{91A7B6FF-5FE5-41F3-B9DF-483BFEE7EFA8}"
EndProject
Project("{F184B08F-C81C-45F6-A57F-5ABD9991F28F}") = "Practica2_Jubilacion", "Practica2_Salario\Practica2_Jubilacion.vbproj", "{1EAADE0F-BA3A-4F3E-8E36-C243289171B9}"
EndProject
Project("{F184B08F-C81C-45F6-A57F-5ABD9991F28F}") = "ejemplo4_SelectCase", "ejemplo4_SelectCase\ejemplo4_SelectCase.vbproj", "{D00F37C2-33EE-4A69-8352-FBECCA19E1CD}"
EndProject
Project("{F184B08F-C81C-45F6-A57F-5ABD9991F28F}") = "Ejemplo5_BlocNotas", "Ejemplo5_BlocNotas\Ejemplo5_BlocNotas.vbproj", "{1EA63338-D51C-4D66-B322-F10049D3754E}"
EndProject
Project("{F184B08F-C81C-45F6-A57F-5ABD9991F28F}") = "Practica5_Album", "Practica5_Album\Practica5_Album.vbproj", "{9F1E54C7-A877-4BE6-8810-EE86C9FA60DA}"
EndProject
Project("{F184B08F-C81C-45F6-A57F-5ABD9991F28F}") = "Ejemplo6_Matrices", "Ejemplo6_Matrices\Ejemplo6_Matrices.vbproj", "{1996B053-7CFC-4451-9F6A-BFAEC3ECAC39}"
EndProject
Project("{F184B08F-C81C-45F6-A57F-5ABD9991F28F}") = "ejemplo_6_matrices", "ejemplo_6_matrices\ejemplo_6_matrices.vbproj", "{2A1F05DA-2B61-4A57-9D46-145F3C4A46DE}"
EndProject
Project("{F184B08F-C81C-45F6-A57F-5ABD9991F28F}") = "ejemplo7_arreglos", "ejemplo7_arreglos\ejemplo7_arreglos.vbproj", "{276081EC-5DCD-445B-A1FE-A99A97714D96}"
EndProject
Project("{F184B08F-C81C-45F6-A57F-5ABD9991F28F}") = "Practica6_MultiplicacionMatrices", "Practica6_MultiplicacionMatrices\Practica6_MultiplicacionMatrices.vbproj", "{4A4CC80C-949A-466E-9E66-AD3C2E6E7106}"
EndProject
Project("{F184B08F-C81C-45F6-A57F-5ABD9991F28F}") = "Practica7_MatrizInversa", "Practica7_MatrizInversa\Practica7_MatrizInversa.vbproj", "{40AF1C32-17E8-4B0D-A523-D6AD608BE21B}"
EndProject
<<<<<<< HEAD
Project("{F184B08F-C81C-45F6-A57F-5ABD9991F28F}") = "practica8_ventanas", "practica8_ventanas\practica8_ventanas.vbproj", "{0E768114-5042-47DD-B0E0-82AE3975E1E6}"
EndProject
Project("{F184B08F-C81C-45F6-A57F-5ABD9991F28F}") = "practica8.1_Encriptacion", "practica8.1_Encriptacion\practica8.1_Encriptacion.vbproj", "{6F2E2D71-88F6-4BA8-8815-C1DA1F0EE74D}"
=======
Project("{F184B08F-C81C-45F6-A57F-5ABD9991F28F}") = "practica8_ventanas", "practica8_ventanas\practica8_ventanas.vbproj", "{5B69CD4A-42B2-4F14-A4CA-7EF1139E16D3}"
>>>>>>> 6f10f636c5aee130e55e1c0d5ef86eec5904a0ca
EndProject
Global
	GlobalSection(SolutionConfigurationPlatforms) = preSolution
		Debug|Any CPU = Debug|Any CPU
		Release|Any CPU = Release|Any CPU
	EndGlobalSection
	GlobalSection(ProjectConfigurationPlatforms) = postSolution
		{130AC691-152A-4C07-89B7-FD328E8EB97E}.Debug|Any CPU.Build.0 = Debug|Any CPU
		{130AC691-152A-4C07-89B7-FD328E8EB97E}.Debug|Any CPU.ActiveCfg = Debug|Any CPU
		{130AC691-152A-4C07-89B7-FD328E8EB97E}.Release|Any CPU.Build.0 = Release|Any CPU
		{130AC691-152A-4C07-89B7-FD328E8EB97E}.Release|Any CPU.ActiveCfg = Release|Any CPU
		{37CA86B0-F772-493E-9C68-B329A2BC1AB4}.Debug|Any CPU.Build.0 = Debug|Any CPU
		{37CA86B0-F772-493E-9C68-B329A2BC1AB4}.Debug|Any CPU.ActiveCfg = Debug|Any CPU
		{37CA86B0-F772-493E-9C68-B329A2BC1AB4}.Release|Any CPU.Build.0 = Release|Any CPU
		{37CA86B0-F772-493E-9C68-B329A2BC1AB4}.Release|Any CPU.ActiveCfg = Release|Any CPU
		{C9802F26-2298-45F5-9C93-96B491792162}.Debug|Any CPU.Build.0 = Debug|Any CPU
		{C9802F26-2298-45F5-9C93-96B491792162}.Debug|Any CPU.ActiveCfg = Debug|Any CPU
		{C9802F26-2298-45F5-9C93-96B491792162}.Release|Any CPU.Build.0 = Release|Any CPU
		{C9802F26-2298-45F5-9C93-96B491792162}.Release|Any CPU.ActiveCfg = Release|Any CPU
		{91A7B6FF-5FE5-41F3-B9DF-483BFEE7EFA8}.Debug|Any CPU.Build.0 = Debug|Any CPU
		{91A7B6FF-5FE5-41F3-B9DF-483BFEE7EFA8}.Debug|Any CPU.ActiveCfg = Debug|Any CPU
		{91A7B6FF-5FE5-41F3-B9DF-483BFEE7EFA8}.Release|Any CPU.Build.0 = Release|Any CPU
		{91A7B6FF-5FE5-41F3-B9DF-483BFEE7EFA8}.Release|Any CPU.ActiveCfg = Release|Any CPU
		{1EAADE0F-BA3A-4F3E-8E36-C243289171B9}.Debug|Any CPU.Build.0 = Debug|Any CPU
		{1EAADE0F-BA3A-4F3E-8E36-C243289171B9}.Debug|Any CPU.ActiveCfg = Debug|Any CPU
		{1EAADE0F-BA3A-4F3E-8E36-C243289171B9}.Release|Any CPU.Build.0 = Release|Any CPU
		{1EAADE0F-BA3A-4F3E-8E36-C243289171B9}.Release|Any CPU.ActiveCfg = Release|Any CPU
		{D00F37C2-33EE-4A69-8352-FBECCA19E1CD}.Debug|Any CPU.Build.0 = Debug|Any CPU
		{D00F37C2-33EE-4A69-8352-FBECCA19E1CD}.Debug|Any CPU.ActiveCfg = Debug|Any CPU
		{D00F37C2-33EE-4A69-8352-FBECCA19E1CD}.Release|Any CPU.Build.0 = Release|Any CPU
		{D00F37C2-33EE-4A69-8352-FBECCA19E1CD}.Release|Any CPU.ActiveCfg = Release|Any CPU
		{1EA63338-D51C-4D66-B322-F10049D3754E}.Debug|Any CPU.Build.0 = Debug|Any CPU
		{1EA63338-D51C-4D66-B322-F10049D3754E}.Debug|Any CPU.ActiveCfg = Debug|Any CPU
		{1EA63338-D51C-4D66-B322-F10049D3754E}.Release|Any CPU.Build.0 = Release|Any CPU
		{1EA63338-D51C-4D66-B322-F10049D3754E}.Release|Any CPU.ActiveCfg = Release|Any CPU
		{9F1E54C7-A877-4BE6-8810-EE86C9FA60DA}.Debug|Any CPU.Build.0 = Debug|Any CPU
		{9F1E54C7-A877-4BE6-8810-EE86C9FA60DA}.Debug|Any CPU.ActiveCfg = Debug|Any CPU
		{9F1E54C7-A877-4BE6-8810-EE86C9FA60DA}.Release|Any CPU.Build.0 = Release|Any CPU
		{9F1E54C7-A877-4BE6-8810-EE86C9FA60DA}.Release|Any CPU.ActiveCfg = Release|Any CPU
		{1996B053-7CFC-4451-9F6A-BFAEC3ECAC39}.Debug|Any CPU.Build.0 = Debug|Any CPU
		{1996B053-7CFC-4451-9F6A-BFAEC3ECAC39}.Debug|Any CPU.ActiveCfg = Debug|Any CPU
		{1996B053-7CFC-4451-9F6A-BFAEC3ECAC39}.Release|Any CPU.Build.0 = Release|Any CPU
		{1996B053-7CFC-4451-9F6A-BFAEC3ECAC39}.Release|Any CPU.ActiveCfg = Release|Any CPU
		{2A1F05DA-2B61-4A57-9D46-145F3C4A46DE}.Debug|Any CPU.Build.0 = Debug|Any CPU
		{2A1F05DA-2B61-4A57-9D46-145F3C4A46DE}.Debug|Any CPU.ActiveCfg = Debug|Any CPU
		{2A1F05DA-2B61-4A57-9D46-145F3C4A46DE}.Release|Any CPU.Build.0 = Release|Any CPU
		{2A1F05DA-2B61-4A57-9D46-145F3C4A46DE}.Release|Any CPU.ActiveCfg = Release|Any CPU
		{276081EC-5DCD-445B-A1FE-A99A97714D96}.Debug|Any CPU.Build.0 = Debug|Any CPU
		{276081EC-5DCD-445B-A1FE-A99A97714D96}.Debug|Any CPU.ActiveCfg = Debug|Any CPU
		{276081EC-5DCD-445B-A1FE-A99A97714D96}.Release|Any CPU.Build.0 = Release|Any CPU
		{276081EC-5DCD-445B-A1FE-A99A97714D96}.Release|Any CPU.ActiveCfg = Release|Any CPU
		{4A4CC80C-949A-466E-9E66-AD3C2E6E7106}.Debug|Any CPU.Build.0 = Debug|Any CPU
		{4A4CC80C-949A-466E-9E66-AD3C2E6E7106}.Debug|Any CPU.ActiveCfg = Debug|Any CPU
		{4A4CC80C-949A-466E-9E66-AD3C2E6E7106}.Release|Any CPU.Build.0 = Release|Any CPU
		{4A4CC80C-949A-466E-9E66-AD3C2E6E7106}.Release|Any CPU.ActiveCfg = Release|Any CPU
		{40AF1C32-17E8-4B0D-A523-D6AD608BE21B}.Debug|Any CPU.Build.0 = Debug|Any CPU
		{40AF1C32-17E8-4B0D-A523-D6AD608BE21B}.Debug|Any CPU.ActiveCfg = Debug|Any CPU
		{40AF1C32-17E8-4B0D-A523-D6AD608BE21B}.Release|Any CPU.Build.0 = Release|Any CPU
		{40AF1C32-17E8-4B0D-A523-D6AD608BE21B}.Release|Any CPU.ActiveCfg = Release|Any CPU
<<<<<<< HEAD
		{0E768114-5042-47DD-B0E0-82AE3975E1E6}.Debug|Any CPU.Build.0 = Debug|Any CPU
		{0E768114-5042-47DD-B0E0-82AE3975E1E6}.Debug|Any CPU.ActiveCfg = Debug|Any CPU
		{0E768114-5042-47DD-B0E0-82AE3975E1E6}.Release|Any CPU.Build.0 = Release|Any CPU
		{0E768114-5042-47DD-B0E0-82AE3975E1E6}.Release|Any CPU.ActiveCfg = Release|Any CPU
		{6F2E2D71-88F6-4BA8-8815-C1DA1F0EE74D}.Debug|Any CPU.Build.0 = Debug|Any CPU
		{6F2E2D71-88F6-4BA8-8815-C1DA1F0EE74D}.Debug|Any CPU.ActiveCfg = Debug|Any CPU
		{6F2E2D71-88F6-4BA8-8815-C1DA1F0EE74D}.Release|Any CPU.Build.0 = Release|Any CPU
		{6F2E2D71-88F6-4BA8-8815-C1DA1F0EE74D}.Release|Any CPU.ActiveCfg = Release|Any CPU
=======
		{5B69CD4A-42B2-4F14-A4CA-7EF1139E16D3}.Debug|Any CPU.Build.0 = Debug|Any CPU
		{5B69CD4A-42B2-4F14-A4CA-7EF1139E16D3}.Debug|Any CPU.ActiveCfg = Debug|Any CPU
		{5B69CD4A-42B2-4F14-A4CA-7EF1139E16D3}.Release|Any CPU.Build.0 = Release|Any CPU
		{5B69CD4A-42B2-4F14-A4CA-7EF1139E16D3}.Release|Any CPU.ActiveCfg = Release|Any CPU
>>>>>>> 6f10f636c5aee130e55e1c0d5ef86eec5904a0ca
	EndGlobalSection
EndGlobal
